
Microsoft Visual Studio Solution File, Format Version 12.00
# Visual Studio Version 17
VisualStudioVersion = 17.10.35122.118
MinimumVisualStudioVersion = 10.0.40219.1
Project("{9A19103F-16F7-4668-BE54-9A1E7A4F7556}") = "SyncTwoFolders", "SyncTwoFolders.csproj", "{B6FF3358-B941-4750-B8C4-AB4C9F78E63D}"
EndProject
Global
	GlobalSection(SolutionConfigurationPlatforms) = preSolution
		Debug|Any CPU = Debug|Any CPU
		Release|Any CPU = Release|Any CPU
	EndGlobalSection
	GlobalSection(ProjectConfigurationPlatforms) = postSolution
		{B6FF3358-B941-4750-B8C4-AB4C9F78E63D}.Debug|Any CPU.ActiveCfg = Debug|Any CPU
		{B6FF3358-B941-4750-B8C4-AB4C9F78E63D}.Debug|Any CPU.Build.0 = Debug|Any CPU
		{B6FF3358-B941-4750-B8C4-AB4C9F78E63D}.Release|Any CPU.ActiveCfg = Release|Any CPU
		{B6FF3358-B941-4750-B8C4-AB4C9F78E63D}.Release|Any CPU.Build.0 = Release|Any CPU
	EndGlobalSection
	GlobalSection(SolutionProperties) = preSolution
		HideSolutionNode = FALSE
	EndGlobalSection
	GlobalSection(ExtensibilityGlobals) = postSolution
		SolutionGuid = {9A50982B-0A94-4642-8CD1-7E529004E4F5}
	EndGlobalSection
EndGlobal
